Microsoft Visual Studio Solution File, Format Version 12.00
# Visual Studio Version 17
VisualStudioVersion = 17.5.2.0
MinimumVisualStudioVersion = 10.0.40219.1
Project("{FAE04EC0-301F-11D3-BF4B-00C04F79EFBC}") = "GarageConsoleApp", "GarageConsoleApp.csproj", "{63FB1532-045A-E8D5-4910-7BD55150665E}"
EndProject
Global
	GlobalSection(SolutionConfigurationPlatforms) = preSolution
		Debug|Any CPU = Debug|Any CPU
		Release|Any CPU = Release|Any CPU
	EndGlobalSection
	GlobalSection(ProjectConfigurationPlatforms) = postSolution
		{63FB1532-045A-E8D5-4910-7BD55150665E}.Debug|Any CPU.ActiveCfg = Debug|Any CPU
		{63FB1532-045A-E8D5-4910-7BD55150665E}.Debug|Any CPU.Build.0 = Debug|Any CPU
		{63FB1532-045A-E8D5-4910-7BD55150665E}.Release|Any CPU.ActiveCfg = Release|Any CPU
		{63FB1532-045A-E8D5-4910-7BD55150665E}.Release|Any CPU.Build.0 = Release|Any CPU
	EndGlobalSection
	GlobalSection(SolutionProperties) = preSolution
		HideSolutionNode = FALSE
	EndGlobalSection
	GlobalSection(ExtensibilityGlobals) = postSolution
		SolutionGuid = {A63C633A-71AC-4F28-9D25-F5626C2008B9}
	EndGlobalSection
EndGlobal
